
Microsoft Visual Studio Solution File, Format Version 12.00
# Visual Studio Version 17
VisualStudioVersion = 17.13.35931.197 d17.13
MinimumVisualStudioVersion = 10.0.40219.1
Project("{FAE04EC0-301F-11D3-BF4B-00C04F79EFBC}") = "MyAuthApp", "MyAuthApp\MyAuthApp.csproj", "{9B67076E-2423-4B07-B6CD-DDF9808726F3}"
EndProject
Global
	GlobalSection(SolutionConfigurationPlatforms) = preSolution
		Debug|Any CPU = Debug|Any CPU
		Release|Any CPU = Release|Any CPU
	EndGlobalSection
	GlobalSection(ProjectConfigurationPlatforms) = postSolution
		{9B67076E-2423-4B07-B6CD-DDF9808726F3}.Debug|Any CPU.ActiveCfg = Debug|Any CPU
		{9B67076E-2423-4B07-B6CD-DDF9808726F3}.Debug|Any CPU.Build.0 = Debug|Any CPU
		{9B67076E-2423-4B07-B6CD-DDF9808726F3}.Release|Any CPU.ActiveCfg = Release|Any CPU
		{9B67076E-2423-4B07-B6CD-DDF9808726F3}.Release|Any CPU.Build.0 = Release|Any CPU
	EndGlobalSection
	GlobalSection(SolutionProperties) = preSolution
		HideSolutionNode = FALSE
	EndGlobalSection
	GlobalSection(ExtensibilityGlobals) = postSolution
		SolutionGuid = {B0EE3C69-2B45-4B09-9868-F931A94A27D3}
	EndGlobalSection
EndGlobal
